
Microsoft Visual Studio Solution File, Format Version 12.00
# Visual Studio Version 17
VisualStudioVersion = 17.3.32929.385
MinimumVisualStudioVersion = 10.0.40219.1
Project("{9A19103F-16F7-4668-BE54-9A1E7A4F7556}") = "LINQRestrictionOperators", "LINQRestrictionOperators\LINQRestrictionOperators.csproj", "{57D2491A-564A-4567-B87D-5893183DC7DE}"
EndProject
Project("{2150E333-8FDC-42A3-9474-1A3956D46DE8}") = "Solution Items", "Solution Items", "{2191F266-F615-4447-8837-B2723A36A0DF}"
	ProjectSection(SolutionItems) = preProject
		.editorconfig = .editorconfig
	EndProjectSection
EndProject
Global
	GlobalSection(SolutionConfigurationPlatforms) = preSolution
		Debug|Any CPU = Debug|Any CPU
		Release|Any CPU = Release|Any CPU
	EndGlobalSection
	GlobalSection(ProjectConfigurationPlatforms) = postSolution
		{57D2491A-564A-4567-B87D-5893183DC7DE}.Debug|Any CPU.ActiveCfg = Debug|Any CPU
		{57D2491A-564A-4567-B87D-5893183DC7DE}.Debug|Any CPU.Build.0 = Debug|Any CPU
		{57D2491A-564A-4567-B87D-5893183DC7DE}.Release|Any CPU.ActiveCfg = Release|Any CPU
		{57D2491A-564A-4567-B87D-5893183DC7DE}.Release|Any CPU.Build.0 = Release|Any CPU
	EndGlobalSection
	GlobalSection(SolutionProperties) = preSolution
		HideSolutionNode = FALSE
	EndGlobalSection
	GlobalSection(ExtensibilityGlobals) = postSolution
		SolutionGuid = {0EFDA6E8-9001-4B81-B01C-83E23AA0068B}
	EndGlobalSection
EndGlobal
